
Microsoft Visual Studio Solution File, Format Version 12.00
# Visual Studio 15
VisualStudioVersion = 15.0.28010.2026
MinimumVisualStudioVersion = 10.0.40219.1
Project("{FAE04EC0-301F-11D3-BF4B-00C04F79EFBC}") = "Block6_SSO", "Block6_SSO\Block6_SSO.csproj", "{F856C452-7E06-4ABF-96D1-8D271B4DD239}"
EndProject
Global
	GlobalSection(SolutionConfigurationPlatforms) = preSolution
		Debug|Any CPU = Debug|Any CPU
		Release|Any CPU = Release|Any CPU
	EndGlobalSection
	GlobalSection(ProjectConfigurationPlatforms) = postSolution
		{F856C452-7E06-4ABF-96D1-8D271B4DD239}.Debug|Any CPU.ActiveCfg = Debug|Any CPU
		{F856C452-7E06-4ABF-96D1-8D271B4DD239}.Debug|Any CPU.Build.0 = Debug|Any CPU
		{F856C452-7E06-4ABF-96D1-8D271B4DD239}.Release|Any CPU.ActiveCfg = Release|Any CPU
		{F856C452-7E06-4ABF-96D1-8D271B4DD239}.Release|Any CPU.Build.0 = Release|Any CPU
	EndGlobalSection
	GlobalSection(SolutionProperties) = preSolution
		HideSolutionNode = FALSE
	EndGlobalSection
	GlobalSection(ExtensibilityGlobals) = postSolution
		SolutionGuid = {AAA4CA29-A4D6-4DFB-BA81-A8BC540A41A7}
	EndGlobalSection
EndGlobal
